// !$*UTF8*$!
{
	archiveVersion = 1;
	classes = {
	};
	objectVersion = 56;
	objects = {

/* Begin PBXBuildFile section */
		A14C26DA2AD9C906006F7816 /* ListCell.swift in Sources */ = {isa = PBXBuildFile; fileRef = A14C26D92AD9C906006F7816 /* ListCell.swift */; };
		A182C5CD2ADC69F00044CFA5 /* MainTintColor.swift in Sources */ = {isa = PBXBuildFile; fileRef = A182C5CC2ADC69F00044CFA5 /* MainTintColor.swift */; };
		A1A6AF3D2ADE98B100181093 /* FirebaseAnalytics in Frameworks */ = {isa = PBXBuildFile; productRef = A1A6AF3C2ADE98B100181093 /* FirebaseAnalytics */; };
		A1A6AF3F2ADE98B100181093 /* FirebaseAnalyticsSwift in Frameworks */ = {isa = PBXBuildFile; productRef = A1A6AF3E2ADE98B100181093 /* FirebaseAnalyticsSwift */; };
		A1A6AF412ADE98B100181093 /* FirebaseDatabase in Frameworks */ = {isa = PBXBuildFile; productRef = A1A6AF402ADE98B100181093 /* FirebaseDatabase */; };
		A1A6AF432ADE98B100181093 /* FirebaseDatabaseSwift in Frameworks */ = {isa = PBXBuildFile; productRef = A1A6AF422ADE98B100181093 /* FirebaseDatabaseSwift */; };
		A1A6AF452ADE98E300181093 /* FirebaseManager.swift in Sources */ = {isa = PBXBuildFile; fileRef = A1A6AF442ADE98E300181093 /* FirebaseManager.swift */; };
		A1A6AF482ADECAD800181093 /* GoogleService-Info.plist in Resources */ = {isa = PBXBuildFile; fileRef = A1A6AF472ADECAD800181093 /* GoogleService-Info.plist */; };
		A1A7B1D52ADD9B1000F9214A /* List.swift in Sources */ = {isa = PBXBuildFile; fileRef = A1A7B1D42ADD9B1000F9214A /* List.swift */; };
		A1A7B1D72ADD9B1500F9214A /* Task.swift in Sources */ = {isa = PBXBuildFile; fileRef = A1A7B1D62ADD9B1500F9214A /* Task.swift */; };
		A1CF4AAA2AD9B44F00C6E34C /* AppDelegate.swift in Sources */ = {isa = PBXBuildFile; fileRef = A1CF4AA92AD9B44F00C6E34C /* AppDelegate.swift */; };
		A1CF4AAC2AD9B44F00C6E34C /* SceneDelegate.swift in Sources */ = {isa = PBXBuildFile; fileRef = A1CF4AAB2AD9B44F00C6E34C /* SceneDelegate.swift */; };
		A1CF4AAE2AD9B44F00C6E34C /* MainListViewController.swift in Sources */ = {isa = PBXBuildFile; fileRef = A1CF4AAD2AD9B44F00C6E34C /* MainListViewController.swift */; };
		A1CF4AB32AD9B45000C6E34C /* Assets.xcassets in Resources */ = {isa = PBXBuildFile; fileRef = A1CF4AB22AD9B45000C6E34C /* Assets.xcassets */; };
		A1CF4AB62AD9B45000C6E34C /* LaunchScreen.storyboard in Resources */ = {isa = PBXBuildFile; fileRef = A1CF4AB42AD9B45000C6E34C /* LaunchScreen.storyboard */; };
		A1CF4AC02AD9B4F700C6E34C /* MainListPresenter.swift in Sources */ = {isa = PBXBuildFile; fileRef = A1CF4ABF2AD9B4F700C6E34C /* MainListPresenter.swift */; };
		A1E1DB512ADC7BE3007D46FD /* AddListViewController.swift in Sources */ = {isa = PBXBuildFile; fileRef = A1E1DB502ADC7BE3007D46FD /* AddListViewController.swift */; };
		A1E1DB542ADC7C04007D46FD /* TodoListViewController.swift in Sources */ = {isa = PBXBuildFile; fileRef = A1E1DB532ADC7C04007D46FD /* TodoListViewController.swift */; };
		A1E1DB572ADC7C3C007D46FD /* AddListPresenter.swift in Sources */ = {isa = PBXBuildFile; fileRef = A1E1DB562ADC7C3C007D46FD /* AddListPresenter.swift */; };
		A1E1DB592ADC7C46007D46FD /* TodoListPresenter.swift in Sources */ = {isa = PBXBuildFile; fileRef = A1E1DB582ADC7C46007D46FD /* TodoListPresenter.swift */; };
		A1E1DB5B2ADC7C4E007D46FD /* TaskCell.swift in Sources */ = {isa = PBXBuildFile; fileRef = A1E1DB5A2ADC7C4E007D46FD /* TaskCell.swift */; };
/* End PBXBuildFile section */

/* Begin PBXFileReference section */
		A14C26D92AD9C906006F7816 /* ListCell.swift */ = {isa = PBXFileReference; lastKnownFileType = sourcecode.swift; path = ListCell.swift; sourceTree = "<group>"; };
		A182C5CC2ADC69F00044CFA5 /* MainTintColor.swift */ = {isa = PBXFileReference; lastKnownFileType = sourcecode.swift; path = MainTintColor.swift; sourceTree = "<group>"; };
		A1A6AF442ADE98E300181093 /* FirebaseManager.swift */ = {isa = PBXFileReference; lastKnownFileType = sourcecode.swift; path = FirebaseManager.swift; sourceTree = "<group>"; };
		A1A6AF472ADECAD800181093 /* GoogleService-Info.plist */ = {isa = PBXFileReference; fileEncoding = 4; lastKnownFileType = text.plist.xml; path = "GoogleService-Info.plist"; sourceTree = "<group>"; };
		A1A7B1D42ADD9B1000F9214A /* List.swift */ = {isa = PBXFileReference; lastKnownFileType = sourcecode.swift; path = List.swift; sourceTree = "<group>"; };
		A1A7B1D62ADD9B1500F9214A /* Task.swift */ = {isa = PBXFileReference; lastKnownFileType = sourcecode.swift; path = Task.swift; sourceTree = "<group>"; };
		A1CF4AA62AD9B44F00C6E34C /* ToDoList_MVP_FireBase.app */ = {isa = PBXFileReference; explicitFileType = wrapper.application; includeInIndex = 0; path = ToDoList_MVP_FireBase.app; sourceTree = BUILT_PRODUCTS_DIR; };
		A1CF4AA92AD9B44F00C6E34C /* AppDelegate.swift */ = {isa = PBXFileReference; lastKnownFileType = sourcecode.swift; path = AppDelegate.swift; sourceTree = "<group>"; };
		A1CF4AAB2AD9B44F00C6E34C /* SceneDelegate.swift */ = {isa = PBXFileReference; lastKnownFileType = sourcecode.swift; path = SceneDelegate.swift; sourceTree = "<group>"; };
		A1CF4AAD2AD9B44F00C6E34C /* MainListViewController.swift */ = {isa = PBXFileReference; lastKnownFileType = sourcecode.swift; path = MainListViewController.swift; sourceTree = "<group>"; };
		A1CF4AB22AD9B45000C6E34C /* Assets.xcassets */ = {isa = PBXFileReference; lastKnownFileType = folder.assetcatalog; path = Assets.xcassets; sourceTree = "<group>"; };
		A1CF4AB52AD9B45000C6E34C /* Base */ = {isa = PBXFileReference; lastKnownFileType = file.storyboard; name = Base; path = Base.lproj/LaunchScreen.storyboard; sourceTree = "<group>"; };
		A1CF4AB72AD9B45000C6E34C /* Info.plist */ = {isa = PBXFileReference; lastKnownFileType = text.plist.xml; path = Info.plist; sourceTree = "<group>"; };
		A1CF4ABF2AD9B4F700C6E34C /* MainListPresenter.swift */ = {isa = PBXFileReference; lastKnownFileType = sourcecode.swift; path = MainListPresenter.swift; sourceTree = "<group>"; };
		A1E1DB502ADC7BE3007D46FD /* AddListViewController.swift */ = {isa = PBXFileReference; lastKnownFileType = sourcecode.swift; path = AddListViewController.swift; sourceTree = "<group>"; };
		A1E1DB532ADC7C04007D46FD /* TodoListViewController.swift */ = {isa = PBXFileReference; lastKnownFileType = sourcecode.swift; path = TodoListViewController.swift; sourceTree = "<group>"; };
		A1E1DB562ADC7C3C007D46FD /* AddListPresenter.swift */ = {isa = PBXFileReference; lastKnownFileType = sourcecode.swift; path = AddListPresenter.swift; sourceTree = "<group>"; };
		A1E1DB582ADC7C46007D46FD /* TodoListPresenter.swift */ = {isa = PBXFileReference; lastKnownFileType = sourcecode.swift; path = TodoListPresenter.swift; sourceTree = "<group>"; };
		A1E1DB5A2ADC7C4E007D46FD /* TaskCell.swift */ = {isa = PBXFileReference; lastKnownFileType = sourcecode.swift; path = TaskCell.swift; sourceTree = "<group>"; };
/* End PBXFileReference section */

/* Begin PBXFrameworksBuildPhase section */
		A1CF4AA32AD9B44F00C6E34C /* Frameworks */ = {
			isa = PBXFrameworksBuildPhase;
			buildActionMask = 2147483647;
			files = (
				A1A6AF432ADE98B100181093 /* FirebaseDatabaseSwift in Frameworks */,
				A1A6AF412ADE98B100181093 /* FirebaseDatabase in Frameworks */,
				A1A6AF3F2ADE98B100181093 /* FirebaseAnalyticsSwift in Frameworks */,
				A1A6AF3D2ADE98B100181093 /* FirebaseAnalytics in Frameworks */,
			);
			runOnlyForDeploymentPostprocessing = 0;
		};
/* End PBXFrameworksBuildPhase section */

/* Begin PBXGroup section */
		A182C5CE2ADC69F40044CFA5 /* Extension */ = {
			isa = PBXGroup;
			children = (
				A182C5CC2ADC69F00044CFA5 /* MainTintColor.swift */,
			);
			path = Extension;
			sourceTree = "<group>";
		};
		A1A6AF462ADE98E600181093 /* Manager */ = {
			isa = PBXGroup;
			children = (
				A1A6AF442ADE98E300181093 /* FirebaseManager.swift */,
			);
			path = Manager;
			sourceTree = "<group>";
		};
		A1A7B1D82ADD9B1900F9214A /* Models */ = {
			isa = PBXGroup;
			children = (
				A1A7B1D42ADD9B1000F9214A /* List.swift */,
				A1A7B1D62ADD9B1500F9214A /* Task.swift */,
			);
			path = Models;
			sourceTree = "<group>";
		};
		A1CF4A9D2AD9B44F00C6E34C = {
			isa = PBXGroup;
			children = (
				A1CF4AA82AD9B44F00C6E34C /* ToDoList_MVP_FireBase */,
				A1CF4AA72AD9B44F00C6E34C /* Products */,
			);
			sourceTree = "<group>";
		};
		A1CF4AA72AD9B44F00C6E34C /* Products */ = {
			isa = PBXGroup;
			children = (
				A1CF4AA62AD9B44F00C6E34C /* ToDoList_MVP_FireBase.app */,
			);
			name = Products;
			sourceTree = "<group>";
		};
		A1CF4AA82AD9B44F00C6E34C /* ToDoList_MVP_FireBase */ = {
			isa = PBXGroup;
			children = (
				A1CF4AA92AD9B44F00C6E34C /* AppDelegate.swift */,
				A1CF4AAB2AD9B44F00C6E34C /* SceneDelegate.swift */,
				A182C5CE2ADC69F40044CFA5 /* Extension */,
				A1A6AF462ADE98E600181093 /* Manager */,
				A1A7B1D82ADD9B1900F9214A /* Models */,
				A1CF4ABD2AD9B4D300C6E34C /* Scenes */,
				A1CF4AB22AD9B45000C6E34C /* Assets.xcassets */,
				A1CF4AB42AD9B45000C6E34C /* LaunchScreen.storyboard */,
				A1CF4AB72AD9B45000C6E34C /* Info.plist */,
				A1A6AF472ADECAD800181093 /* GoogleService-Info.plist */,
			);
			path = ToDoList_MVP_FireBase;
			sourceTree = "<group>";
		};
		A1CF4ABD2AD9B4D300C6E34C /* Scenes */ = {
			isa = PBXGroup;
			children = (
				A1CF4ABE2AD9B4E600C6E34C /* Main */,
				A1E1DB522ADC7BE8007D46FD /* Add */,
				A1E1DB552ADC7C09007D46FD /* Todo */,
			);
			path = Scenes;
			sourceTree = "<group>";
		};
		A1CF4ABE2AD9B4E600C6E34C /* Main */ = {
			isa = PBXGroup;
			children = (
				A1CF4AAD2AD9B44F00C6E34C /* MainListViewController.swift */,
				A1CF4ABF2AD9B4F700C6E34C /* MainListPresenter.swift */,
				A14C26D92AD9C906006F7816 /* ListCell.swift */,
			);
			path = Main;
			sourceTree = "<group>";
		};
		A1E1DB522ADC7BE8007D46FD /* Add */ = {
			isa = PBXGroup;
			children = (
				A1E1DB502ADC7BE3007D46FD /* AddListViewController.swift */,
				A1E1DB562ADC7C3C007D46FD /* AddListPresenter.swift */,
			);
			path = Add;
			sourceTree = "<group>";
		};
		A1E1DB552ADC7C09007D46FD /* Todo */ = {
			isa = PBXGroup;
			children = (
				A1E1DB532ADC7C04007D46FD /* TodoListViewController.swift */,
				A1E1DB582ADC7C46007D46FD /* TodoListPresenter.swift */,
				A1E1DB5A2ADC7C4E007D46FD /* TaskCell.swift */,
			);
			path = Todo;
			sourceTree = "<group>";
		};
/* End PBXGroup section */

/* Begin PBXNativeTarget section */
		A1CF4AA52AD9B44F00C6E34C /* ToDoList_MVP_FireBase */ = {
			isa = PBXNativeTarget;
			buildConfigurationList = A1CF4ABA2AD9B45000C6E34C /* Build configuration list for PBXNativeTarget "ToDoList_MVP_FireBase" */;
			buildPhases = (
				A1CF4AA22AD9B44F00C6E34C /* Sources */,
				A1CF4AA32AD9B44F00C6E34C /* Frameworks */,
				A1CF4AA42AD9B44F00C6E34C /* Resources */,
			);
			buildRules = (
			);
			dependencies = (
			);
			name = ToDoList_MVP_FireBase;
			packageProductDependencies = (
				A1A6AF3C2ADE98B100181093 /* FirebaseAnalytics */,
				A1A6AF3E2ADE98B100181093 /* FirebaseAnalyticsSwift */,
				A1A6AF402ADE98B100181093 /* FirebaseDatabase */,
				A1A6AF422ADE98B100181093 /* FirebaseDatabaseSwift */,
			);
			productName = ToDoList_MVP_FireBase;
			productReference = A1CF4AA62AD9B44F00C6E34C /* ToDoList_MVP_FireBase.app */;
			productType = "com.apple.product-type.application";
		};
/* End PBXNativeTarget section */

/* Begin PBXProject section */
		A1CF4A9E2AD9B44F00C6E34C /* Project object */ = {
			isa = PBXProject;
			attributes = {
				BuildIndependentTargetsInParallel = 1;
				LastSwiftUpdateCheck = 1500;
				LastUpgradeCheck = 1500;
				TargetAttributes = {
					A1CF4AA52AD9B44F00C6E34C = {
						CreatedOnToolsVersion = 15.0;
					};
				};
			};
			buildConfigurationList = A1CF4AA12AD9B44F00C6E34C /* Build configuration list for PBXProject "ToDoList_MVP_FireBase" */;
			compatibilityVersion = "Xcode 14.0";
			developmentRegion = en;
			hasScannedForEncodings = 0;
			knownRegions = (
				en,
				Base,
			);
			mainGroup = A1CF4A9D2AD9B44F00C6E34C;
			packageReferences = (
				A1A6AF3B2ADE98B100181093 /* XCRemoteSwiftPackageReference "firebase-ios-sdk" */,
			);
			productRefGroup = A1CF4AA72AD9B44F00C6E34C /* Products */;
			projectDirPath = "";
			projectRoot = "";
			targets = (
				A1CF4AA52AD9B44F00C6E34C /* ToDoList_MVP_FireBase */,
			);
		};
/* End PBXProject section */

/* Begin PBXResourcesBuildPhase section */
		A1CF4AA42AD9B44F00C6E34C /* Resources */ = {
			isa = PBXResourcesBuildPhase;
			buildActionMask = 2147483647;
			files = (
				A1CF4AB62AD9B45000C6E34C /* LaunchScreen.storyboard in Resources */,
				A1CF4AB32AD9B45000C6E34C /* Assets.xcassets in Resources */,
				A1A6AF482ADECAD800181093 /* GoogleService-Info.plist in Resources */,
			);
			runOnlyForDeploymentPostprocessing = 0;
		};
/* End PBXResourcesBuildPhase section */

/* Begin PBXSourcesBuildPhase section */
		A1CF4AA22AD9B44F00C6E34C /* Sources */ = {
			isa = PBXSourcesBuildPhase;
			buildActionMask = 2147483647;
			files = (
				A1E1DB542ADC7C04007D46FD /* TodoListViewController.swift in Sources */,
				A1CF4AAE2AD9B44F00C6E34C /* MainListViewController.swift in Sources */,
				A1A6AF452ADE98E300181093 /* FirebaseManager.swift in Sources */,
				A1E1DB592ADC7C46007D46FD /* TodoListPresenter.swift in Sources */,
				A1CF4AAA2AD9B44F00C6E34C /* AppDelegate.swift in Sources */,
				A1E1DB572ADC7C3C007D46FD /* AddListPresenter.swift in Sources */,
				A1A7B1D52ADD9B1000F9214A /* List.swift in Sources */,
				A1E1DB512ADC7BE3007D46FD /* AddListViewController.swift in Sources */,
				A1CF4AAC2AD9B44F00C6E34C /* SceneDelegate.swift in Sources */,
				A1A7B1D72ADD9B1500F9214A /* Task.swift in Sources */,
				A1E1DB5B2ADC7C4E007D46FD /* TaskCell.swift in Sources */,
				A182C5CD2ADC69F00044CFA5 /* MainTintColor.swift in Sources */,
				A14C26DA2AD9C906006F7816 /* ListCell.swift in Sources */,
				A1CF4AC02AD9B4F700C6E34C /* MainListPresenter.swift in Sources */,
			);
			runOnlyForDeploymentPostprocessing = 0;
		};
/* End PBXSourcesBuildPhase section */

/* Begin PBXVariantGroup section */
		A1CF4AB42AD9B45000C6E34C /* LaunchScreen.storyboard */ = {
			isa = PBXVariantGroup;
			children = (
				A1CF4AB52AD9B45000C6E34C /* Base */,
			);
			name = LaunchScreen.storyboard;
			sourceTree = "<group>";
		};
/* End PBXVariantGroup section */

/* Begin XCBuildConfiguration section */
		A1CF4AB82AD9B45000C6E34C /* Debug */ = {
			isa = XCBuildConfiguration;
			buildSettings = {
				ALWAYS_SEARCH_USER_PATHS = NO;
				ASSETCATALOG_COMPILER_GENERATE_SWIFT_ASSET_SYMBOL_EXTENSIONS = YES;
				CLANG_ANALYZER_NONNULL = YES;
				CLANG_ANALYZER_NUMBER_OBJECT_CONVERSION = YES_AGGRESSIVE;
				CLANG_CXX_LANGUAGE_STANDARD = "gnu++20";
				CLANG_ENABLE_MODULES = YES;
				CLANG_ENABLE_OBJC_ARC = YES;
				CLANG_ENABLE_OBJC_WEAK = YES;
				CLANG_WARN_BLOCK_CAPTURE_AUTORELEASING = YES;
				CLANG_WARN_BOOL_CONVERSION = YES;
				CLANG_WARN_COMMA = YES;
				CLANG_WARN_CONSTANT_CONVERSION = YES;
				CLANG_WARN_DEPRECATED_OBJC_IMPLEMENTATIONS = YES;
				CLANG_WARN_DIRECT_OBJC_ISA_USAGE = YES_ERROR;
				CLANG_WARN_DOCUMENTATION_COMMENTS = YES;
				CLANG_WARN_EMPTY_BODY = YES;
				CLANG_WARN_ENUM_CONVERSION = YES;
				CLANG_WARN_INFINITE_RECURSION = YES;
				CLANG_WARN_INT_CONVERSION = YES;
				CLANG_WARN_NON_LITERAL_NULL_CONVERSION = YES;
				CLANG_WARN_OBJC_IMPLICIT_RETAIN_SELF = YES;
				CLANG_WARN_OBJC_LITERAL_CONVERSION = YES;
				CLANG_WARN_OBJC_ROOT_CLASS = YES_ERROR;
				CLANG_WARN_QUOTED_INCLUDE_IN_FRAMEWORK_HEADER = YES;
				CLANG_WARN_RANGE_LOOP_ANALYSIS = YES;
				CLANG_WARN_STRICT_PROTOTYPES = YES;
				CLANG_WARN_SUSPICIOUS_MOVE = YES;
				CLANG_WARN_UNGUARDED_AVAILABILITY = YES_AGGRESSIVE;
				CLANG_WARN_UNREACHABLE_CODE = YES;
				CLANG_WARN__DUPLICATE_METHOD_MATCH = YES;
				COPY_PHASE_STRIP = NO;
				DEBUG_INFORMATION_FORMAT = dwarf;
				ENABLE_STRICT_OBJC_MSGSEND = YES;
				ENABLE_TESTABILITY = YES;
				ENABLE_USER_SCRIPT_SANDBOXING = YES;
				GCC_C_LANGUAGE_STANDARD = gnu17;
				GCC_DYNAMIC_NO_PIC = NO;
				GCC_NO_COMMON_BLOCKS = YES;
				GCC_OPTIMIZATION_LEVEL = 0;
				GCC_PREPROCESSOR_DEFINITIONS = (
					"DEBUG=1",
					"$(inherited)",
				);
				GCC_WARN_64_TO_32_BIT_CONVERSION = YES;
				GCC_WARN_ABOUT_RETURN_TYPE = YES_ERROR;
				GCC_WARN_UNDECLARED_SELECTOR = YES;
				GCC_WARN_UNINITIALIZED_AUTOS = YES_AGGRESSIVE;
				GCC_WARN_UNUSED_FUNCTION = YES;
				GCC_WARN_UNUSED_VARIABLE = YES;
				IPHONEOS_DEPLOYMENT_TARGET = 17.0;
				LOCALIZATION_PREFERS_STRING_CATALOGS = YES;
				MTL_ENABLE_DEBUG_INFO = INCLUDE_SOURCE;
				MTL_FAST_MATH = YES;
				ONLY_ACTIVE_ARCH = YES;
				SDKROOT = iphoneos;
				SWIFT_ACTIVE_COMPILATION_CONDITIONS = "DEBUG $(inherited)";
				SWIFT_OPTIMIZATION_LEVEL = "-Onone";
			};
			name = Debug;
		};
		A1CF4AB92AD9B45000C6E34C /* Release */ = {
			isa = XCBuildConfiguration;
			buildSettings = {
				ALWAYS_SEARCH_USER_PATHS = NO;
				ASSETCATALOG_COMPILER_GENERATE_SWIFT_ASSET_SYMBOL_EXTENSIONS = YES;
				CLANG_ANALYZER_NONNULL = YES;
				CLANG_ANALYZER_NUMBER_OBJECT_CONVERSION = YES_AGGRESSIVE;
				CLANG_CXX_LANGUAGE_STANDARD = "gnu++20";
				CLANG_ENABLE_MODULES = YES;
				CLANG_ENABLE_OBJC_ARC = YES;
				CLANG_ENABLE_OBJC_WEAK = YES;
				CLANG_WARN_BLOCK_CAPTURE_AUTORELEASING = YES;
				CLANG_WARN_BOOL_CONVERSION = YES;
				CLANG_WARN_COMMA = YES;
				CLANG_WARN_CONSTANT_CONVERSION = YES;
				CLANG_WARN_DEPRECATED_OBJC_IMPLEMENTATIONS = YES;
				CLANG_WARN_DIRECT_OBJC_ISA_USAGE = YES_ERROR;
				CLANG_WARN_DOCUMENTATION_COMMENTS = YES;
				CLANG_WARN_EMPTY_BODY = YES;
				CLANG_WARN_ENUM_CONVERSION = YES;
				CLANG_WARN_INFINITE_RECURSION = YES;
				CLANG_WARN_INT_CONVERSION = YES;
				CLANG_WARN_NON_LITERAL_NULL_CONVERSION = YES;
				CLANG_WARN_OBJC_IMPLICIT_RETAIN_SELF = YES;
				CLANG_WARN_OBJC_LITERAL_CONVERSION = YES;
				CLANG_WARN_OBJC_ROOT_CLASS = YES_ERROR;
				CLANG_WARN_QUOTED_INCLUDE_IN_FRAMEWORK_HEADER = YES;
				CLANG_WARN_RANGE_LOOP_ANALYSIS = YES;
				CLANG_WARN_STRICT_PROTOTYPES = YES;
				CLANG_WARN_SUSPICIOUS_MOVE = YES;
				CLANG_WARN_UNGUARDED_AVAILABILITY = YES_AGGRESSIVE;
				CLANG_WARN_UNREACHABLE_CODE = YES;
				CLANG_WARN__DUPLICATE_METHOD_MATCH = YES;
				COPY_PHASE_STRIP = NO;
				DEBUG_INFORMATION_FORMAT = "dwarf-with-dsym";
				ENABLE_NS_ASSERTIONS = NO;
				ENABLE_STRICT_OBJC_MSGSEND = YES;
				ENABLE_USER_SCRIPT_SANDBOXING = YES;
				GCC_C_LANGUAGE_STANDARD = gnu17;
				GCC_NO_COMMON_BLOCKS = YES;
				GCC_WARN_64_TO_32_BIT_CONVERSION = YES;
				GCC_WARN_ABOUT_RETURN_TYPE = YES_ERROR;
				GCC_WARN_UNDECLARED_SELECTOR = YES;
				GCC_WARN_UNINITIALIZED_AUTOS = YES_AGGRESSIVE;
				GCC_WARN_UNUSED_FUNCTION = YES;
				GCC_WARN_UNUSED_VARIABLE = YES;
				IPHONEOS_DEPLOYMENT_TARGET = 17.0;
				LOCALIZATION_PREFERS_STRING_CATALOGS = YES;
				MTL_ENABLE_DEBUG_INFO = NO;
				MTL_FAST_MATH = YES;
				SDKROOT = iphoneos;
				SWIFT_COMPILATION_MODE = wholemodule;
				VALIDATE_PRODUCT = YES;
			};
			name = Release;
		};
		A1CF4ABB2AD9B45000C6E34C /* Debug */ = {
			isa = XCBuildConfiguration;
			buildSettings = {
				ASSETCATALOG_COMPILER_APPICON_NAME = AppIcon;
				ASSETCATALOG_COMPILER_GLOBAL_ACCENT_COLOR_NAME = AccentColor;
				CODE_SIGN_STYLE = Automatic;
				CURRENT_PROJECT_VERSION = 1;
				DEVELOPMENT_TEAM = 6N8M4PHX7P;
				GENERATE_INFOPLIST_FILE = YES;
				INFOPLIST_FILE = ToDoList_MVP_FireBase/Info.plist;
				INFOPLIST_KEY_UIApplicationSupportsIndirectInputEvents = YES;
				INFOPLIST_KEY_UILaunchStoryboardName = LaunchScreen;
				INFOPLIST_KEY_UISupportedInterfaceOrientations_iPad = "UIInterfaceOrientationPortrait UIInterfaceOrientationPortraitUpsideDown UIInterfaceOrientationLandscapeLeft UIInterfaceOrientationLandscapeRight";
				INFOPLIST_KEY_UISupportedInterfaceOrientations_iPhone = "UIInterfaceOrientationPortrait UIInterfaceOrientationLandscapeLeft UIInterfaceOrientationLandscapeRight";
				LD_RUNPATH_SEARCH_PATHS = (
					"$(inherited)",
					"@executable_path/Frameworks",
				);
				MARKETING_VERSION = 1.0;
				PRODUCT_BUNDLE_IDENTIFIER = "emily.ToDoList-MVP-FireBase";
				PRODUCT_NAME = "$(TARGET_NAME)";
				SWIFT_EMIT_LOC_STRINGS = YES;
				SWIFT_VERSION = 5.0;
				TARGETED_DEVICE_FAMILY = "1,2";
			};
			name = Debug;
		};
		A1CF4ABC2AD9B45000C6E34C /* Release */ = {
			isa = XCBuildConfiguration;
			buildSettings = {
				ASSETCATALOG_COMPILER_APPICON_NAME = AppIcon;
				ASSETCATALOG_COMPILER_GLOBAL_ACCENT_COLOR_NAME = AccentColor;
				CODE_SIGN_STYLE = Automatic;
				CURRENT_PROJECT_VERSION = 1;
				DEVELOPMENT_TEAM = 6N8M4PHX7P;
				GENERATE_INFOPLIST_FILE = YES;
				INFOPLIST_FILE = ToDoList_MVP_FireBase/Info.plist;
				INFOPLIST_KEY_UIApplicationSupportsIndirectInputEvents = YES;
				INFOPLIST_KEY_UILaunchStoryboardName = LaunchScreen;
				INFOPLIST_KEY_UISupportedInterfaceOrientations_iPad = "UIInterfaceOrientationPortrait UIInterfaceOrientationPortraitUpsideDown UIInterfaceOrientationLandscapeLeft UIInterfaceOrientationLandscapeRight";
				INFOPLIST_KEY_UISupportedInterfaceOrientations_iPhone = "UIInterfaceOrientationPortrait UIInterfaceOrientationLandscapeLeft UIInterfaceOrientationLandscapeRight";
				LD_RUNPATH_SEARCH_PATHS = (
					"$(inherited)",
					"@executable_path/Frameworks",
				);
				MARKETING_VERSION = 1.0;
				PRODUCT_BUNDLE_IDENTIFIER = "emily.ToDoList-MVP-FireBase";
				PRODUCT_NAME = "$(TARGET_NAME)";
				SWIFT_EMIT_LOC_STRINGS = YES;
				SWIFT_VERSION = 5.0;
				TARGETED_DEVICE_FAMILY = "1,2";
			};
			name = Release;
		};
/* End XCBuildConfiguration section */

/* Begin XCConfigurationList section */
		A1CF4AA12AD9B44F00C6E34C /* Build configuration list for PBXProject "ToDoList_MVP_FireBase" */ = {
			isa = XCConfigurationList;
			buildConfigurations = (
				A1CF4AB82AD9B45000C6E34C /* Debug */,
				A1CF4AB92AD9B45000C6E34C /* Release */,
			);
			defaultConfigurationIsVisible = 0;
			defaultConfigurationName = Release;
		};
		A1CF4ABA2AD9B45000C6E34C /* Build configuration list for PBXNativeTarget "ToDoList_MVP_FireBase" */ = {
			isa = XCConfigurationList;
			buildConfigurations = (
				A1CF4ABB2AD9B45000C6E34C /* Debug */,
				A1CF4ABC2AD9B45000C6E34C /* Release */,
			);
			defaultConfigurationIsVisible = 0;
			defaultConfigurationName = Release;
		};
/* End XCConfigurationList section */

/* Begin XCRemoteSwiftPackageReference section */
		A1A6AF3B2ADE98B100181093 /* XCRemoteSwiftPackageReference "firebase-ios-sdk" */ = {
			isa = XCRemoteSwiftPackageReference;
			repositoryURL = "https://github.com/firebase/firebase-ios-sdk";
			requirement = {
				kind = upToNextMajorVersion;
				minimumVersion = 10.16.0;
			};
		};
/* End XCRemoteSwiftPackageReference section */

/* Begin XCSwiftPackageProductDependency section */
		A1A6AF3C2ADE98B100181093 /* FirebaseAnalytics */ = {
			isa = XCSwiftPackageProductDependency;
			package = A1A6AF3B2ADE98B100181093 /* XCRemoteSwiftPackageReference "firebase-ios-sdk" */;
			productName = FirebaseAnalytics;
		};
		A1A6AF3E2ADE98B100181093 /* FirebaseAnalyticsSwift */ = {
			isa = XCSwiftPackageProductDependency;
			package = A1A6AF3B2ADE98B100181093 /* XCRemoteSwiftPackageReference "firebase-ios-sdk" */;
			productName = FirebaseAnalyticsSwift;
		};
		A1A6AF402ADE98B100181093 /* FirebaseDatabase */ = {
			isa = XCSwiftPackageProductDependency;
			package = A1A6AF3B2ADE98B100181093 /* XCRemoteSwiftPackageReference "firebase-ios-sdk" */;
			productName = FirebaseDatabase;
		};
		A1A6AF422ADE98B100181093 /* FirebaseDatabaseSwift */ = {
			isa = XCSwiftPackageProductDependency;
			package = A1A6AF3B2ADE98B100181093 /* XCRemoteSwiftPackageReference "firebase-ios-sdk" */;
			productName = FirebaseDatabaseSwift;
		};
/* End XCSwiftPackageProductDependency section */
	};
	rootObject = A1CF4A9E2AD9B44F00C6E34C /* Project object */;
}
